
Microsoft Visual Studio Solution File, Format Version 12.00
# Visual Studio 15
VisualStudioVersion = 15.0.28010.2036
MinimumVisualStudioVersion = 10.0.40219.1
Project("{FAE04EC0-301F-11D3-BF4B-00C04F79EFBC}") = "ConsoleApp", "ConsoleApp\ConsoleApp.csproj", "{ECD4D215-2B10-455D-A384-ADF05D5D3502}"
EndProject
Project("{FAE04EC0-301F-11D3-BF4B-00C04F79EFBC}") = "SolutionLib", "SolutionLib\SolutionLib.csproj", "{66E8AEE7-9236-464B-8F62-9FE2EFA15B27}"
EndProject
Global
	GlobalSection(SolutionConfigurationPlatforms) = preSolution
		Debug|Any CPU = Debug|Any CPU
		Release|Any CPU = Release|Any CPU
	EndGlobalSection
	GlobalSection(ProjectConfigurationPlatforms) = postSolution
		{ECD4D215-2B10-455D-A384-ADF05D5D3502}.Debug|Any CPU.ActiveCfg = Debug|Any CPU
		{ECD4D215-2B10-455D-A384-ADF05D5D3502}.Debug|Any CPU.Build.0 = Debug|Any CPU
		{ECD4D215-2B10-455D-A384-ADF05D5D3502}.Release|Any CPU.ActiveCfg = Release|Any CPU
		{ECD4D215-2B10-455D-A384-ADF05D5D3502}.Release|Any CPU.Build.0 = Release|Any CPU
		{66E8AEE7-9236-464B-8F62-9FE2EFA15B27}.Debug|Any CPU.ActiveCfg = Debug|Any CPU
		{66E8AEE7-9236-464B-8F62-9FE2EFA15B27}.Debug|Any CPU.Build.0 = Debug|Any CPU
		{66E8AEE7-9236-464B-8F62-9FE2EFA15B27}.Release|Any CPU.ActiveCfg = Release|Any CPU
		{66E8AEE7-9236-464B-8F62-9FE2EFA15B27}.Release|Any CPU.Build.0 = Release|Any CPU
	EndGlobalSection
	GlobalSection(SolutionProperties) = preSolution
		HideSolutionNode = FALSE
	EndGlobalSection
	GlobalSection(ExtensibilityGlobals) = postSolution
		SolutionGuid = {CE7AC216-D199-4084-88FD-0400039FF7BB}
	EndGlobalSection
EndGlobal
